
Microsoft Visual Studio Solution File, Format Version 12.00
# Visual Studio Version 17
VisualStudioVersion = 17.8.34601.278
MinimumVisualStudioVersion = 10.0.40219.1
Project("{9A19103F-16F7-4668-BE54-9A1E7A4F7556}") = "FlightPlannerWebApi", "FlightPlannerWebApi\FlightPlannerWebApi.csproj", "{7BA5316C-A1C6-4E58-92FB-0EBFA577A1D1}"
EndProject
Project("{FAE04EC0-301F-11D3-BF4B-00C04F79EFBC}") = "FlightPlanner.Core", "FlightPlanner.Core\FlightPlanner.Core.csproj", "{66E95D13-0B4D-4183-9A08-A58E3215A549}"
EndProject
Project("{FAE04EC0-301F-11D3-BF4B-00C04F79EFBC}") = "FlightPlanner.Data", "FlightPlanner.Data\FlightPlanner.Data.csproj", "{35645A7E-1868-4040-AC35-F377C1D76608}"
EndProject
Project("{FAE04EC0-301F-11D3-BF4B-00C04F79EFBC}") = "FlightPlanner.Services", "FlightPlanner.Services\FlightPlanner.Services.csproj", "{ACC25FBD-5CF3-448F-B5F7-E9242BA125B9}"
EndProject
Global
	GlobalSection(SolutionConfigurationPlatforms) = preSolution
		Debug|Any CPU = Debug|Any CPU
		Release|Any CPU = Release|Any CPU
	EndGlobalSection
	GlobalSection(ProjectConfigurationPlatforms) = postSolution
		{7BA5316C-A1C6-4E58-92FB-0EBFA577A1D1}.Debug|Any CPU.ActiveCfg = Debug|Any CPU
		{7BA5316C-A1C6-4E58-92FB-0EBFA577A1D1}.Debug|Any CPU.Build.0 = Debug|Any CPU
		{7BA5316C-A1C6-4E58-92FB-0EBFA577A1D1}.Release|Any CPU.ActiveCfg = Release|Any CPU
		{7BA5316C-A1C6-4E58-92FB-0EBFA577A1D1}.Release|Any CPU.Build.0 = Release|Any CPU
		{66E95D13-0B4D-4183-9A08-A58E3215A549}.Debug|Any CPU.ActiveCfg = Debug|Any CPU
		{66E95D13-0B4D-4183-9A08-A58E3215A549}.Debug|Any CPU.Build.0 = Debug|Any CPU
		{66E95D13-0B4D-4183-9A08-A58E3215A549}.Release|Any CPU.ActiveCfg = Release|Any CPU
		{66E95D13-0B4D-4183-9A08-A58E3215A549}.Release|Any CPU.Build.0 = Release|Any CPU
		{35645A7E-1868-4040-AC35-F377C1D76608}.Debug|Any CPU.ActiveCfg = Debug|Any CPU
		{35645A7E-1868-4040-AC35-F377C1D76608}.Debug|Any CPU.Build.0 = Debug|Any CPU
		{35645A7E-1868-4040-AC35-F377C1D76608}.Release|Any CPU.ActiveCfg = Release|Any CPU
		{35645A7E-1868-4040-AC35-F377C1D76608}.Release|Any CPU.Build.0 = Release|Any CPU
		{ACC25FBD-5CF3-448F-B5F7-E9242BA125B9}.Debug|Any CPU.ActiveCfg = Debug|Any CPU
		{ACC25FBD-5CF3-448F-B5F7-E9242BA125B9}.Debug|Any CPU.Build.0 = Debug|Any CPU
		{ACC25FBD-5CF3-448F-B5F7-E9242BA125B9}.Release|Any CPU.ActiveCfg = Release|Any CPU
		{ACC25FBD-5CF3-448F-B5F7-E9242BA125B9}.Release|Any CPU.Build.0 = Release|Any CPU
	EndGlobalSection
	GlobalSection(SolutionProperties) = preSolution
		HideSolutionNode = FALSE
	EndGlobalSection
	GlobalSection(ExtensibilityGlobals) = postSolution
		SolutionGuid = {7847CF15-C09F-402A-A40C-FC442048A990}
	EndGlobalSection
EndGlobal
